# This file is autogenerated, do not edit; changes may be undone by the next 'dep ensure'.


[[projects]]
  branch = "master"
  name = "github.com/theckman/goconstraint"
  packages = ["go1.9/gte"]
  revision = "49694661e448f3ec566feaf9d91fba71decc28a6"

[solve-meta]
  analyzer-name = "dep"
  analyzer-version = 1
  inputs-digest = "2f8d81cb56338a782819966b1292237f0b9ece9c08b393e953569ef8c0ae2eb9"
  solver-name = "gps-cdcl"
  solver-version = 1
